
Microsoft Visual Studio Solution File, Format Version 12.00
# Visual Studio Version 17
VisualStudioVersion = 17.9.34728.123
MinimumVisualStudioVersion = 10.0.40219.1
Project("{FAE04EC0-301F-11D3-BF4B-00C04F79EFBC}") = "ProgettoMeteo", "ProgettoMeteo.csproj", "{DFE54E8F-84AC-49F4-BCF5-3A305A6BE4AC}"
EndProject
Global
	GlobalSection(SolutionConfigurationPlatforms) = preSolution
		Debug|Any CPU = Debug|Any CPU
		Release|Any CPU = Release|Any CPU
	EndGlobalSection
	GlobalSection(ProjectConfigurationPlatforms) = postSolution
		{DFE54E8F-84AC-49F4-BCF5-3A305A6BE4AC}.Debug|Any CPU.ActiveCfg = Debug|Any CPU
		{DFE54E8F-84AC-49F4-BCF5-3A305A6BE4AC}.Debug|Any CPU.Build.0 = Debug|Any CPU
		{DFE54E8F-84AC-49F4-BCF5-3A305A6BE4AC}.Release|Any CPU.ActiveCfg = Release|Any CPU
		{DFE54E8F-84AC-49F4-BCF5-3A305A6BE4AC}.Release|Any CPU.Build.0 = Release|Any CPU
	EndGlobalSection
	GlobalSection(SolutionProperties) = preSolution
		HideSolutionNode = FALSE
	EndGlobalSection
	GlobalSection(ExtensibilityGlobals) = postSolution
		SolutionGuid = {9057E25D-B7AD-4706-8F0E-D12C783C17B9}
	EndGlobalSection
EndGlobal
